
Microsoft Visual Studio Solution File, Format Version 12.00
# Visual Studio 15
VisualStudioVersion = 15.0.28307.168
MinimumVisualStudioVersion = 10.0.40219.1
Project("{FAE04EC0-301F-11D3-BF4B-00C04F79EFBC}") = "ShaderWinProj", "ShaderWinProj\ShaderWinProj.csproj", "{EF7857AB-B7B7-49C9-8A71-2E90FC5A4925}"
EndProject
Project("{2150E333-8FDC-42A3-9474-1A3956D46DE8}") = "Solution Items", "Solution Items", "{59871E3E-9C4C-431A-860E-95A99950BE85}"
	ProjectSection(SolutionItems) = preProject
		readme.md = readme.md
	EndProjectSection
EndProject
Global
	GlobalSection(SolutionConfigurationPlatforms) = preSolution
		Debug|Any CPU = Debug|Any CPU
		Release|Any CPU = Release|Any CPU
	EndGlobalSection
	GlobalSection(ProjectConfigurationPlatforms) = postSolution
		{EF7857AB-B7B7-49C9-8A71-2E90FC5A4925}.Debug|Any CPU.ActiveCfg = Debug|Any CPU
		{EF7857AB-B7B7-49C9-8A71-2E90FC5A4925}.Debug|Any CPU.Build.0 = Debug|Any CPU
		{EF7857AB-B7B7-49C9-8A71-2E90FC5A4925}.Release|Any CPU.ActiveCfg = Release|Any CPU
		{EF7857AB-B7B7-49C9-8A71-2E90FC5A4925}.Release|Any CPU.Build.0 = Release|Any CPU
	EndGlobalSection
	GlobalSection(SolutionProperties) = preSolution
		HideSolutionNode = FALSE
	EndGlobalSection
	GlobalSection(ExtensibilityGlobals) = postSolution
		SolutionGuid = {E25C1018-F33B-480B-A5A2-38DEBC8D8A55}
	EndGlobalSection
EndGlobal
